
Microsoft Visual Studio Solution File, Format Version 12.00
# Visual Studio Version 17
VisualStudioVersion = 17.12.35527.113 d17.12
MinimumVisualStudioVersion = 10.0.40219.1
Project("{FAE04EC0-301F-11D3-BF4B-00C04F79EFBC}") = "Assignment 05 C# Basics", "Assignment 05 C# Basics\Assignment 05 C# Basics.csproj", "{AEE87508-215C-49B8-B64E-8760324491FC}"
EndProject
Global
	GlobalSection(SolutionConfigurationPlatforms) = preSolution
		Debug|Any CPU = Debug|Any CPU
		Release|Any CPU = Release|Any CPU
	EndGlobalSection
	GlobalSection(ProjectConfigurationPlatforms) = postSolution
		{AEE87508-215C-49B8-B64E-8760324491FC}.Debug|Any CPU.ActiveCfg = Debug|Any CPU
		{AEE87508-215C-49B8-B64E-8760324491FC}.Debug|Any CPU.Build.0 = Debug|Any CPU
		{AEE87508-215C-49B8-B64E-8760324491FC}.Release|Any CPU.ActiveCfg = Release|Any CPU
		{AEE87508-215C-49B8-B64E-8760324491FC}.Release|Any CPU.Build.0 = Release|Any CPU
	EndGlobalSection
	GlobalSection(SolutionProperties) = preSolution
		HideSolutionNode = FALSE
	EndGlobalSection
EndGlobal
